Microsoft Visual Studio Solution File, Format Version 12.00
# Visual Studio Version 17
VisualStudioVersion = 17.0.31903.59
MinimumVisualStudioVersion = 10.0.40219.1
Project("{FAE04EC0-301F-11D3-BF4B-00C04F79EFBC}") = "SlitherIn", "src\SlitherIn.csproj", "{1A2B3C4D-1111-4222-8333-444455556667}"
EndProject
Project("{FAE04EC0-301F-11D3-BF4B-00C04F79EFBC}") = "SlitherIn.Tests", "tests\SlitherIn.Tests\SlitherIn.Tests.csproj", "{2B3C4D5E-2222-4333-8444-555566667778}"
EndProject
Global
	GlobalSection(SolutionConfigurationPlatforms) = preSolution
		Debug|Any CPU = Debug|Any CPU
		Release|Any CPU = Release|Any CPU
	EndGlobalSection
	GlobalSection(ProjectConfigurationPlatforms) = postSolution
		{1A2B3C4D-1111-4222-8333-444455556667}.Debug|Any CPU.ActiveCfg = Debug|Any CPU
		{1A2B3C4D-1111-4222-8333-444455556667}.Debug|Any CPU.Build.0 = Debug|Any CPU
		{1A2B3C4D-1111-4222-8333-444455556667}.Release|Any CPU.ActiveCfg = Release|Any CPU
		{1A2B3C4D-1111-4222-8333-444455556667}.Release|Any CPU.Build.0 = Release|Any CPU
		{2B3C4D5E-2222-4333-8444-555566667778}.Debug|Any CPU.ActiveCfg = Debug|Any CPU
		{2B3C4D5E-2222-4333-8444-555566667778}.Debug|Any CPU.Build.0 = Debug|Any CPU
		{2B3C4D5E-2222-4333-8444-555566667778}.Release|Any CPU.ActiveCfg = Release|Any CPU
		{2B3C4D5E-2222-4333-8444-555566667778}.Release|Any CPU.Build.0 = Release|Any CPU
	EndGlobalSection
	GlobalSection(SolutionProperties) = preSolution
		HideSolutionNode = FALSE
	EndGlobalSection
	GlobalSection(ExtensibilityGlobals) = postSolution
		SolutionGuid = {6A7B8C9D-1111-4444-8888-99AABBCCDDEE}
	EndGlobalSection
EndGlobal